
Microsoft Visual Studio Solution File, Format Version 12.00
# Visual Studio Version 16
VisualStudioVersion = 16.0.31402.337
MinimumVisualStudioVersion = 10.0.40219.1
Project("{FAE04EC0-301F-11D3-BF4B-00C04F79EFBC}") = "ga-test", "ga-test\ga-test.csproj", "{EB4805E1-E223-43EC-A754-DC47F54339F2}"
EndProject
Global
	GlobalSection(SolutionConfigurationPlatforms) = preSolution
		Debug|Any CPU = Debug|Any CPU
		Release|Any CPU = Release|Any CPU
	EndGlobalSection
	GlobalSection(ProjectConfigurationPlatforms) = postSolution
		{EB4805E1-E223-43EC-A754-DC47F54339F2}.Debug|Any CPU.ActiveCfg = Debug|Any CPU
		{EB4805E1-E223-43EC-A754-DC47F54339F2}.Debug|Any CPU.Build.0 = Debug|Any CPU
		{EB4805E1-E223-43EC-A754-DC47F54339F2}.Release|Any CPU.ActiveCfg = Release|Any CPU
		{EB4805E1-E223-43EC-A754-DC47F54339F2}.Release|Any CPU.Build.0 = Release|Any CPU
	EndGlobalSection
	GlobalSection(SolutionProperties) = preSolution
		HideSolutionNode = FALSE
	EndGlobalSection
	GlobalSection(ExtensibilityGlobals) = postSolution
		SolutionGuid = {B3B12803-6082-4A45-B4E7-25D1E2D3BF3E}
	EndGlobalSection
EndGlobal
